<?xml version="1.0" encoding="utf-8"?>
<Project ToolsVersion="4.0" xmlns="http://schemas.microsoft.com/developer/msbuild/2003">
  <ItemGroup>
    <Filter Include="Source Files">
      <UniqueIdentifier>{4FC737F1-C7A5-4376-A066-2A32D752A2FF}</UniqueIdentifier>
      <Extensions>cpp;c;cc;cxx;c++;cppm;ixx;def;odl;idl;hpj;bat;asm;asmx</Extensions>
    </Filter>
    <Filter Include="Header Files">
      <UniqueIdentifier>{93995380-89BD-4b04-88EB-625FBE52EBFB}</UniqueIdentifier>
      <Extensions>h;hh;hpp;hxx;h++;hm;inl;inc;ipp;xsd</Extensions>
    </Filter>
    <Filter Include="Resource Files">
      <UniqueIdentifier>{67DA6AB6-F800-4c08-8B7A-83BB121AAD01}</UniqueIdentifier>
      <Extensions>rc;ico;cur;bmp;dlg;rc2;rct;bin;rgs;gif;jpg;jpeg;jpe;resx;tiff;tif;png;wav;mfcribbon-ms</Extensions>
    </Filter>
  </ItemGroup>
  <ItemGroup>
    <ClCompile Include="src\Kvaser.cpp">
      <Filter>Source Files</Filter>
    </ClCompile>
    <ClCompile Include="src\SOLOMotorControllers.cpp">
      <Filter>Source Files</Filter>
    </ClCompile>
    <ClCompile Include="src\SOLOMotorControllersCanopenKvaser.cpp">
      <Filter>Source Files</Filter>
    </ClCompile>
    <ClCompile Include="src\SOLOMotorControllersSerial.cpp">
      <Filter>Source Files</Filter>
    </ClCompile>
    <ClCompile Include="src\SOLOMotorControllersUtils.cpp">
      <Filter>Source Files</Filter>
    </ClCompile>
  </ItemGroup>
  <ItemGroup>
    <ClInclude Include="inc\canevt.h">
      <Filter>Header Files</Filter>
    </ClInclude>
    <ClInclude Include="inc\canlib.h">
      <Filter>Header Files</Filter>
    </ClInclude>
    <ClInclude Include="inc\canstat.h">
      <Filter>Header Files</Filter>
    </ClInclude>
    <ClInclude Include="inc\j1587lib.h">
      <Filter>Header Files</Filter>
    </ClInclude>
    <ClInclude Include="inc\kvaDbLib.h">
      <Filter>Header Files</Filter>
    </ClInclude>
    <ClInclude Include="inc\kvaMemoLibXML.h">
      <Filter>Header Files</Filter>
    </ClInclude>
    <ClInclude Include="inc\kvaser_stdint.h">
      <Filter>Header Files</Filter>
    </ClInclude>
    <ClInclude Include="inc\kvDiag.h">
      <Filter>Header Files</Filter>
    </ClInclude>
    <ClInclude Include="inc\kvlclib.h">
      <Filter>Header Files</Filter>
    </ClInclude>
    <ClInclude Include="inc\kvmlib.h">
      <Filter>Header Files</Filter>
    </ClInclude>
    <ClInclude Include="inc\kvrlib.h">
      <Filter>Header Files</Filter>
    </ClInclude>
    <ClInclude Include="inc\linlib.h">
      <Filter>Header Files</Filter>
    </ClInclude>
    <ClInclude Include="inc\obsolete.h">
      <Filter>Header Files</Filter>
    </ClInclude>
    <ClInclude Include="inc\predef.h">
      <Filter>Header Files</Filter>
    </ClInclude>
    <ClInclude Include="inc\sing.h">
      <Filter>Header Files</Filter>
    </ClInclude>
    <ClInclude Include="inc\std.h">
      <Filter>Header Files</Filter>
    </ClInclude>
    <ClInclude Include="src\Kvaser.h">
      <Filter>Header Files</Filter>
    </ClInclude>
    <ClInclude Include="src\SOLOMotorControllers.h">
      <Filter>Header Files</Filter>
    </ClInclude>
    <ClInclude Include="src\SOLOMotorControllersCanopenKvaser.h">
      <Filter>Header Files</Filter>
    </ClInclude>
    <ClInclude Include="src\SOLOMotorControllersSerial.h">
      <Filter>Header Files</Filter>
    </ClInclude>
    <ClInclude Include="src\SOLOMotorControllersUtils.h">
      <Filter>Header Files</Filter>
    </ClInclude>
  </ItemGroup>
  <ItemGroup>
    <Library Include="lib\canlib32.lib" />
  </ItemGroup>
  <ItemGroup>
    <None Include="inc\canlib.pas" />
  </ItemGroup>
</Project>